// !$*UTF8*$!
{
	archiveVersion = 1;
	classes = {
	};
	objectVersion = 51;
	objects = {

/* Begin PBXBuildFile section */
		5C04ABED25958F8200E11E27 /* Task.swift in Sources */ = {isa = PBXBuildFile; fileRef = 5C04ABEC25958F8200E11E27 /* Task.swift */; };
		5C4AAFAB259497730039E20B /* AppDelegate.swift in Sources */ = {isa = PBXBuildFile; fileRef = 5C4AAFAA259497730039E20B /* AppDelegate.swift */; };
		5C4AAFAD259497730039E20B /* SceneDelegate.swift in Sources */ = {isa = PBXBuildFile; fileRef = 5C4AAFAC259497730039E20B /* SceneDelegate.swift */; };
		5C4AAFAF259497730039E20B /* ViewController.swift in Sources */ = {isa = PBXBuildFile; fileRef = 5C4AAFAE259497730039E20B /* ViewController.swift */; };
		5C4AAFB2259497730039E20B /* Main.storyboard in Resources */ = {isa = PBXBuildFile; fileRef = 5C4AAFB0259497730039E20B /* Main.storyboard */; };
		5C4AAFB4259497740039E20B /* Assets.xcassets in Resources */ = {isa = PBXBuildFile; fileRef = 5C4AAFB3259497740039E20B /* Assets.xcassets */; };
		5C4AAFB7259497740039E20B /* LaunchScreen.storyboard in Resources */ = {isa = PBXBuildFile; fileRef = 5C4AAFB5259497740039E20B /* LaunchScreen.storyboard */; };
		5C51F9822594AE4B00A27CF4 /* InputViewController.swift in Sources */ = {isa = PBXBuildFile; fileRef = 5C51F9812594AE4B00A27CF4 /* InputViewController.swift */; };
		D85DDB87D0539284E16FE3F1 /* Pods_taskapp.framework in Frameworks */ = {isa = PBXBuildFile; fileRef = 14A94BBD2E7762C330B73B4D /* Pods_taskapp.framework */; };
/* End PBXBuildFile section */

/* Begin PBXFileReference section */
		14A94BBD2E7762C330B73B4D /* Pods_taskapp.framework */ = {isa = PBXFileReference; explicitFileType = wrapper.framework; includeInIndex = 0; path = Pods_taskapp.framework; sourceTree = BUILT_PRODUCTS_DIR; };
		5C04ABEC25958F8200E11E27 /* Task.swift */ = {isa = PBXFileReference; lastKnownFileType = sourcecode.swift; path = Task.swift; sourceTree = "<group>"; };
		5C4AAFA7259497730039E20B /* taskapp.app */ = {isa = PBXFileReference; explicitFileType = wrapper.application; includeInIndex = 0; path = taskapp.app; sourceTree = BUILT_PRODUCTS_DIR; };
		5C4AAFAA259497730039E20B /* AppDelegate.swift */ = {isa = PBXFileReference; lastKnownFileType = sourcecode.swift; path = AppDelegate.swift; sourceTree = "<group>"; };
		5C4AAFAC259497730039E20B /* SceneDelegate.swift */ = {isa = PBXFileReference; lastKnownFileType = sourcecode.swift; path = SceneDelegate.swift; sourceTree = "<group>"; };
		5C4AAFAE259497730039E20B /* ViewController.swift */ = {isa = PBXFileReference; lastKnownFileType = sourcecode.swift; path = ViewController.swift; sourceTree = "<group>"; };
		5C4AAFB1259497730039E20B /* Base */ = {isa = PBXFileReference; lastKnownFileType = file.storyboard; name = Base; path = Base.lproj/Main.storyboard; sourceTree = "<group>"; };
		5C4AAFB3259497740039E20B /* Assets.xcassets */ = {isa = PBXFileReference; lastKnownFileType = folder.assetcatalog; path = Assets.xcassets; sourceTree = "<group>"; };
		5C4AAFB6259497740039E20B /* Base */ = {isa = PBXFileReference; lastKnownFileType = file.storyboard; name = Base; path = Base.lproj/LaunchScreen.storyboard; sourceTree = "<group>"; };
		5C4AAFB8259497740039E20B /* Info.plist */ = {isa = PBXFileReference; lastKnownFileType = text.plist.xml; path = Info.plist; sourceTree = "<group>"; };
		5C51F9812594AE4B00A27CF4 /* InputViewController.swift */ = {isa = PBXFileReference; lastKnownFileType = sourcecode.swift; path = InputViewController.swift; sourceTree = "<group>"; };
		68F65C1F2ED7DEDA4CD8A520 /* Pods-taskapp.release.xcconfig */ = {isa = PBXFileReference; includeInIndex = 1; lastKnownFileType = text.xcconfig; name = "Pods-taskapp.release.xcconfig"; path = "Target Support Files/Pods-taskapp/Pods-taskapp.release.xcconfig"; sourceTree = "<group>"; };
		7F6060C3E62159556A55AD05 /* Pods-taskapp.debug.xcconfig */ = {isa = PBXFileReference; includeInIndex = 1; lastKnownFileType = text.xcconfig; name = "Pods-taskapp.debug.xcconfig"; path = "Target Support Files/Pods-taskapp/Pods-taskapp.debug.xcconfig"; sourceTree = "<group>"; };
/* End PBXFileReference section */

/* Begin PBXFrameworksBuildPhase section */
		5C4AAFA4259497730039E20B /* Frameworks */ = {
			isa = PBXFrameworksBuildPhase;
			buildActionMask = 2147483647;
			files = (
				D85DDB87D0539284E16FE3F1 /* Pods_taskapp.framework in Frameworks */,
			);
			runOnlyForDeploymentPostprocessing = 0;
		};
/* End PBXFrameworksBuildPhase section */

/* Begin PBXGroup section */
		5C4AAF9E259497730039E20B = {
			isa = PBXGroup;
			children = (
				5C4AAFA9259497730039E20B /* taskapp */,
				5C4AAFA8259497730039E20B /* Products */,
				BD016C4F8F2E1831C055FD0B /* Pods */,
				BBA5517D79E908ACC9C18885 /* Frameworks */,
			);
			sourceTree = "<group>";
		};
		5C4AAFA8259497730039E20B /* Products */ = {
			isa = PBXGroup;
			children = (
				5C4AAFA7259497730039E20B /* taskapp.app */,
			);
			name = Products;
			sourceTree = "<group>";
		};
		5C4AAFA9259497730039E20B /* taskapp */ = {
			isa = PBXGroup;
			children = (
				5C4AAFAA259497730039E20B /* AppDelegate.swift */,
				5C4AAFAC259497730039E20B /* SceneDelegate.swift */,
				5C4AAFAE259497730039E20B /* ViewController.swift */,
				5C51F9812594AE4B00A27CF4 /* InputViewController.swift */,
				5C04ABEC25958F8200E11E27 /* Task.swift */,
				5C4AAFB0259497730039E20B /* Main.storyboard */,
				5C4AAFB3259497740039E20B /* Assets.xcassets */,
				5C4AAFB5259497740039E20B /* LaunchScreen.storyboard */,
				5C4AAFB8259497740039E20B /* Info.plist */,
			);
			path = taskapp;
			sourceTree = "<group>";
		};
		BBA5517D79E908ACC9C18885 /* Frameworks */ = {
			isa = PBXGroup;
			children = (
				14A94BBD2E7762C330B73B4D /* Pods_taskapp.framework */,
			);
			name = Frameworks;
			sourceTree = "<group>";
		};
		BD016C4F8F2E1831C055FD0B /* Pods */ = {
			isa = PBXGroup;
			children = (
				7F6060C3E62159556A55AD05 /* Pods-taskapp.debug.xcconfig */,
				68F65C1F2ED7DEDA4CD8A520 /* Pods-taskapp.release.xcconfig */,
			);
			path = Pods;
			sourceTree = "<group>";
		};
/* End PBXGroup section */

/* Begin PBXNativeTarget section */
		5C4AAFA6259497730039E20B /* taskapp */ = {
			isa = PBXNativeTarget;
			buildConfigurationList = 5C4AAFBB259497740039E20B /* Build configuration list for PBXNativeTarget "taskapp" */;
			buildPhases = (
				321CF1D6322ED0293D9790E7 /* [CP] Check Pods Manifest.lock */,
				5C4AAFA3259497730039E20B /* Sources */,
				5C4AAFA4259497730039E20B /* Frameworks */,
				5C4AAFA5259497730039E20B /* Resources */,
				206648253AFF4149F11CAD8C /* [CP] Embed Pods Frameworks */,
			);
			buildRules = (
			);
			dependencies = (
			);
			name = taskapp;
			productName = taskapp;
			productReference = 5C4AAFA7259497730039E20B /* taskapp.app */;
			productType = "com.apple.product-type.application";
		};
/* End PBXNativeTarget section */

/* Begin PBXProject section */
		5C4AAF9F259497730039E20B /* Project object */ = {
			isa = PBXProject;
			attributes = {
				LastSwiftUpdateCheck = 1150;
				LastUpgradeCheck = 1150;
				ORGANIZATIONNAME = masanori.komiya;
				TargetAttributes = {
					5C4AAFA6259497730039E20B = {
						CreatedOnToolsVersion = 11.5;
					};
				};
			};
			buildConfigurationList = 5C4AAFA2259497730039E20B /* Build configuration list for PBXProject "taskapp" */;
			compatibilityVersion = "Xcode 9.3";
			developmentRegion = en;
			hasScannedForEncodings = 0;
			knownRegions = (
				en,
				Base,
			);
			mainGroup = 5C4AAF9E259497730039E20B;
			productRefGroup = 5C4AAFA8259497730039E20B /* Products */;
			projectDirPath = "";
			projectRoot = "";
			targets = (
				5C4AAFA6259497730039E20B /* taskapp */,
			);
		};
/* End PBXProject section */

/* Begin PBXResourcesBuildPhase section */
		5C4AAFA5259497730039E20B /* Resources */ = {
			isa = PBXResourcesBuildPhase;
			buildActionMask = 2147483647;
			files = (
				5C4AAFB7259497740039E20B /* LaunchScreen.storyboard in Resources */,
				5C4AAFB4259497740039E20B /* Assets.xcassets in Resources */,
				5C4AAFB2259497730039E20B /* Main.storyboard in Resources */,
			);
			runOnlyForDeploymentPostprocessing = 0;
		};
/* End PBXResourcesBuildPhase section */

/* Begin PBXShellScriptBuildPhase section */
		206648253AFF4149F11CAD8C /* [CP] Embed Pods Frameworks */ = {
			isa = PBXShellScriptBuildPhase;
			buildActionMask = 2147483647;
			files = (
			);
			inputFileListPaths = (
				"${PODS_ROOT}/Target Support Files/Pods-taskapp/Pods-taskapp-frameworks-${CONFIGURATION}-input-files.xcfilelist",
			);
			name = "[CP] Embed Pods Frameworks";
			outputFileListPaths = (
				"${PODS_ROOT}/Target Support Files/Pods-taskapp/Pods-taskapp-frameworks-${CONFIGURATION}-output-files.xcfilelist",
			);
			runOnlyForDeploymentPostprocessing = 0;
			shellPath = /bin/sh;
			shellScript = "\"${PODS_ROOT}/Target Support Files/Pods-taskapp/Pods-taskapp-frameworks.sh\"\n";
			showEnvVarsInLog = 0;
		};
		321CF1D6322ED0293D9790E7 /* [CP] Check Pods Manifest.lock */ = {
			isa = PBXShellScriptBuildPhase;
			buildActionMask = 2147483647;
			files = (
			);
			inputFileListPaths = (
			);
			inputPaths = (
				"${PODS_PODFILE_DIR_PATH}/Podfile.lock",
				"${PODS_ROOT}/Manifest.lock",
			);
			name = "[CP] Check Pods Manifest.lock";
			outputFileListPaths = (
			);
			outputPaths = (
				"$(DERIVED_FILE_DIR)/Pods-taskapp-checkManifestLockResult.txt",
			);
			runOnlyForDeploymentPostprocessing = 0;
			shellPath = /bin/sh;
			shellScript = "diff \"${PODS_PODFILE_DIR_PATH}/Podfile.lock\" \"${PODS_ROOT}/Manifest.lock\" > /dev/null\nif [ $? != 0 ] ; then\n    # print error to STDERR\n    echo \"error: The sandbox is not in sync with the Podfile.lock. Run 'pod install' or update your CocoaPods installation.\" >&2\n    exit 1\nfi\n# This output is used by Xcode 'outputs' to avoid re-running this script phase.\necho \"SUCCESS\" > \"${SCRIPT_OUTPUT_FILE_0}\"\n";
			showEnvVarsInLog = 0;
		};
/* End PBXShellScriptBuildPhase section */

/* Begin PBXSourcesBuildPhase section */
		5C4AAFA3259497730039E20B /* Sources */ = {
			isa = PBXSourcesBuildPhase;
			buildActionMask = 2147483647;
			files = (
				5C4AAFAF259497730039E20B /* ViewController.swift in Sources */,
				5C4AAFAB259497730039E20B /* AppDelegate.swift in Sources */,
				5C04ABED25958F8200E11E27 /* Task.swift in Sources */,
				5C4AAFAD259497730039E20B /* SceneDelegate.swift in Sources */,
				5C51F9822594AE4B00A27CF4 /* InputViewController.swift in Sources */,
			);
			runOnlyForDeploymentPostprocessing = 0;
		};
/* End PBXSourcesBuildPhase section */

/* Begin PBXVariantGroup section */
		5C4AAFB0259497730039E20B /* Main.storyboard */ = {
			isa = PBXVariantGroup;
			children = (
				5C4AAFB1259497730039E20B /* Base */,
			);
			name = Main.storyboard;
			sourceTree = "<group>";
		};
		5C4AAFB5259497740039E20B /* LaunchScreen.storyboard */ = {
			isa = PBXVariantGroup;
			children = (
				5C4AAFB6259497740039E20B /* Base */,
			);
			name = LaunchScreen.storyboard;
			sourceTree = "<group>";
		};
/* End PBXVariantGroup section */

/* Begin XCBuildConfiguration section */
		5C4AAFB9259497740039E20B /* Debug */ = {
			isa = XCBuildConfiguration;
			buildSettings = {
				ALWAYS_SEARCH_USER_PATHS = NO;
				CLANG_ANALYZER_NONNULL = YES;
				CLANG_ANALYZER_NUMBER_OBJECT_CONVERSION = YES_AGGRESSIVE;
				CLANG_CXX_LANGUAGE_STANDARD = "gnu++14";
				CLANG_CXX_LIBRARY = "libc++";
				CLANG_ENABLE_MODULES = YES;
				CLANG_ENABLE_OBJC_ARC = YES;
				CLANG_ENABLE_OBJC_WEAK = YES;
				CLANG_WARN_BLOCK_CAPTURE_AUTORELEASING = YES;
				CLANG_WARN_BOOL_CONVERSION = YES;
				CLANG_WARN_COMMA = YES;
				CLANG_WARN_CONSTANT_CONVERSION = YES;
				CLANG_WARN_DEPRECATED_OBJC_IMPLEMENTATIONS = YES;
				CLANG_WARN_DIRECT_OBJC_ISA_USAGE = YES_ERROR;
				CLANG_WARN_DOCUMENTATION_COMMENTS = YES;
				CLANG_WARN_EMPTY_BODY = YES;
				CLANG_WARN_ENUM_CONVERSION = YES;
				CLANG_WARN_INFINITE_RECURSION = YES;
				CLANG_WARN_INT_CONVERSION = YES;
				CLANG_WARN_NON_LITERAL_NULL_CONVERSION = YES;
				CLANG_WARN_OBJC_IMPLICIT_RETAIN_SELF = YES;
				CLANG_WARN_OBJC_LITERAL_CONVERSION = YES;
				CLANG_WARN_OBJC_ROOT_CLASS = YES_ERROR;
				CLANG_WARN_RANGE_LOOP_ANALYSIS = YES;
				CLANG_WARN_STRICT_PROTOTYPES = YES;
				CLANG_WARN_SUSPICIOUS_MOVE = YES;
				CLANG_WARN_UNGUARDED_AVAILABILITY = YES_AGGRESSIVE;
				CLANG_WARN_UNREACHABLE_CODE = YES;
				CLANG_WARN__DUPLICATE_METHOD_MATCH = YES;
				COPY_PHASE_STRIP = NO;
				DEBUG_INFORMATION_FORMAT = dwarf;
				ENABLE_STRICT_OBJC_MSGSEND = YES;
				ENABLE_TESTABILITY = YES;
				GCC_C_LANGUAGE_STANDARD = gnu11;
				GCC_DYNAMIC_NO_PIC = NO;
				GCC_NO_COMMON_BLOCKS = YES;
				GCC_OPTIMIZATION_LEVEL = 0;
				GCC_PREPROCESSOR_DEFINITIONS = (
					"DEBUG=1",
					"$(inherited)",
				);
				GCC_WARN_64_TO_32_BIT_CONVERSION = YES;
				GCC_WARN_ABOUT_RETURN_TYPE = YES_ERROR;
				GCC_WARN_UNDECLARED_SELECTOR = YES;
				GCC_WARN_UNINITIALIZED_AUTOS = YES_AGGRESSIVE;
				GCC_WARN_UNUSED_FUNCTION = YES;
				GCC_WARN_UNUSED_VARIABLE = YES;
				IPHONEOS_DEPLOYMENT_TARGET = 13.5;
				MTL_ENABLE_DEBUG_INFO = INCLUDE_SOURCE;
				MTL_FAST_MATH = YES;
				ONLY_ACTIVE_ARCH = YES;
				SDKROOT = iphoneos;
				SWIFT_ACTIVE_COMPILATION_CONDITIONS = DEBUG;
				SWIFT_OPTIMIZATION_LEVEL = "-Onone";
			};
			name = Debug;
		};
		5C4AAFBA259497740039E20B /* Release */ = {
			isa = XCBuildConfiguration;
			buildSettings = {
				ALWAYS_SEARCH_USER_PATHS = NO;
				CLANG_ANALYZER_NONNULL = YES;
				CLANG_ANALYZER_NUMBER_OBJECT_CONVERSION = YES_AGGRESSIVE;
				CLANG_CXX_LANGUAGE_STANDARD = "gnu++14";
				CLANG_CXX_LIBRARY = "libc++";
				CLANG_ENABLE_MODULES = YES;
				CLANG_ENABLE_OBJC_ARC = YES;
				CLANG_ENABLE_OBJC_WEAK = YES;
				CLANG_WARN_BLOCK_CAPTURE_AUTORELEASING = YES;
				CLANG_WARN_BOOL_CONVERSION = YES;
				CLANG_WARN_COMMA = YES;
				CLANG_WARN_CONSTANT_CONVERSION = YES;
				CLANG_WARN_DEPRECATED_OBJC_IMPLEMENTATIONS = YES;
				CLANG_WARN_DIRECT_OBJC_ISA_USAGE = YES_ERROR;
				CLANG_WARN_DOCUMENTATION_COMMENTS = YES;
				CLANG_WARN_EMPTY_BODY = YES;
				CLANG_WARN_ENUM_CONVERSION = YES;
				CLANG_WARN_INFINITE_RECURSION = YES;
				CLANG_WARN_INT_CONVERSION = YES;
				CLANG_WARN_NON_LITERAL_NULL_CONVERSION = YES;
				CLANG_WARN_OBJC_IMPLICIT_RETAIN_SELF = YES;
				CLANG_WARN_OBJC_LITERAL_CONVERSION = YES;
				CLANG_WARN_OBJC_ROOT_CLASS = YES_ERROR;
				CLANG_WARN_RANGE_LOOP_ANALYSIS = YES;
				CLANG_WARN_STRICT_PROTOTYPES = YES;
				CLANG_WARN_SUSPICIOUS_MOVE = YES;
				CLANG_WARN_UNGUARDED_AVAILABILITY = YES_AGGRESSIVE;
				CLANG_WARN_UNREACHABLE_CODE = YES;
				CLANG_WARN__DUPLICATE_METHOD_MATCH = YES;
				COPY_PHASE_STRIP = NO;
				DEBUG_INFORMATION_FORMAT = "dwarf-with-dsym";
				ENABLE_NS_ASSERTIONS = NO;
				ENABLE_STRICT_OBJC_MSGSEND = YES;
				GCC_C_LANGUAGE_STANDARD = gnu11;
				GCC_NO_COMMON_BLOCKS = YES;
				GCC_WARN_64_TO_32_BIT_CONVERSION = YES;
				GCC_WARN_ABOUT_RETURN_TYPE = YES_ERROR;
				GCC_WARN_UNDECLARED_SELECTOR = YES;
				GCC_WARN_UNINITIALIZED_AUTOS = YES_AGGRESSIVE;
				GCC_WARN_UNUSED_FUNCTION = YES;
				GCC_WARN_UNUSED_VARIABLE = YES;
				IPHONEOS_DEPLOYMENT_TARGET = 13.5;
				MTL_ENABLE_DEBUG_INFO = NO;
				MTL_FAST_MATH = YES;
				SDKROOT = iphoneos;
				SWIFT_COMPILATION_MODE = wholemodule;
				SWIFT_OPTIMIZATION_LEVEL = "-O";
				VALIDATE_PRODUCT = YES;
			};
			name = Release;
		};
		5C4AAFBC259497740039E20B /* Debug */ = {
			isa = XCBuildConfiguration;
			baseConfigurationReference = 7F6060C3E62159556A55AD05 /* Pods-taskapp.debug.xcconfig */;
			buildSettings = {
				ASSETCATALOG_COMPILER_APPICON_NAME = AppIcon;
				CODE_SIGN_STYLE = Automatic;
				INFOPLIST_FILE = taskapp/Info.plist;
				LD_RUNPATH_SEARCH_PATHS = (
					"$(inherited)",
					"@executable_path/Frameworks",
				);
				PRODUCT_BUNDLE_IDENTIFIER = jp.techacademy.masanori.komiya.taskapp;
				PRODUCT_NAME = "$(TARGET_NAME)";
				SWIFT_VERSION = 5.0;
				TARGETED_DEVICE_FAMILY = 1;
			};
			name = Debug;
		};
		5C4AAFBD259497740039E20B /* Release */ = {
			isa = XCBuildConfiguration;
			baseConfigurationReference = 68F65C1F2ED7DEDA4CD8A520 /* Pods-taskapp.release.xcconfig */;
			buildSettings = {
				ASSETCATALOG_COMPILER_APPICON_NAME = AppIcon;
				CODE_SIGN_STYLE = Automatic;
				INFOPLIST_FILE = taskapp/Info.plist;
				LD_RUNPATH_SEARCH_PATHS = (
					"$(inherited)",
					"@executable_path/Frameworks",
				);
				PRODUCT_BUNDLE_IDENTIFIER = jp.techacademy.masanori.komiya.taskapp;
				PRODUCT_NAME = "$(TARGET_NAME)";
				SWIFT_VERSION = 5.0;
				TARGETED_DEVICE_FAMILY = 1;
			};
			name = Release;
		};
/* End XCBuildConfiguration section */

/* Begin XCConfigurationList section */
		5C4AAFA2259497730039E20B /* Build configuration list for PBXProject "taskapp" */ = {
			isa = XCConfigurationList;
			buildConfigurations = (
				5C4AAFB9259497740039E20B /* Debug */,
				5C4AAFBA259497740039E20B /* Release */,
			);
			defaultConfigurationIsVisible = 0;
			defaultConfigurationName = Release;
		};
		5C4AAFBB259497740039E20B /* Build configuration list for PBXNativeTarget "taskapp" */ = {
			isa = XCConfigurationList;
			buildConfigurations = (
				5C4AAFBC259497740039E20B /* Debug */,
				5C4AAFBD259497740039E20B /* Release */,
			);
			defaultConfigurationIsVisible = 0;
			defaultConfigurationName = Release;
		};
/* End XCConfigurationList section */
	};
	rootObject = 5C4AAF9F259497730039E20B /* Project object */;
}
